
Microsoft Visual Studio Solution File, Format Version 12.00
# Visual Studio Version 17
VisualStudioVersion = 17.8.34330.188
MinimumVisualStudioVersion = 10.0.40219.1
Project("{FAE04EC0-301F-11D3-BF4B-00C04F79EFBC}") = "Task8", "Task8\Task8.csproj", "{D879A85D-7BC8-4FD2-A6CF-8C2D76E1303E}"
EndProject
Global
	GlobalSection(SolutionConfigurationPlatforms) = preSolution
		Debug|Any CPU = Debug|Any CPU
		Release|Any CPU = Release|Any CPU
	EndGlobalSection
	GlobalSection(ProjectConfigurationPlatforms) = postSolution
		{D879A85D-7BC8-4FD2-A6CF-8C2D76E1303E}.Debug|Any CPU.ActiveCfg = Debug|Any CPU
		{D879A85D-7BC8-4FD2-A6CF-8C2D76E1303E}.Debug|Any CPU.Build.0 = Debug|Any CPU
		{D879A85D-7BC8-4FD2-A6CF-8C2D76E1303E}.Release|Any CPU.ActiveCfg = Release|Any CPU
		{D879A85D-7BC8-4FD2-A6CF-8C2D76E1303E}.Release|Any CPU.Build.0 = Release|Any CPU
	EndGlobalSection
	GlobalSection(SolutionProperties) = preSolution
		HideSolutionNode = FALSE
	EndGlobalSection
	GlobalSection(ExtensibilityGlobals) = postSolution
		SolutionGuid = {65630BEE-39D8-42EB-97F9-693869913CB5}
	EndGlobalSection
EndGlobal
